Microsoft Visual Studio Solution File, Format Version 11.00
# Visual Studio 2010
Project("{F184B08F-C81C-45F6-A57F-5ABD9991F28F}") = "Example", "Example.vbproj", "{B0F44AD9-B80C-45E4-816D-958F431D3605}"
EndProject
Global
	GlobalSection(SolutionConfigurationPlatforms) = preSolution
		Debug|Any CPU = Debug|Any CPU
		Release|Any CPU = Release|Any CPU
	EndGlobalSection
	GlobalSection(ProjectConfigurationPlatforms) = postSolution
		{B0F44AD9-B80C-45E4-816D-958F431D3605}.Debug|Any CPU.ActiveCfg = Debug|Any CPU
		{B0F44AD9-B80C-45E4-816D-958F431D3605}.Debug|Any CPU.Build.0 = Debug|Any CPU
		{B0F44AD9-B80C-45E4-816D-958F431D3605}.Release|Any CPU.ActiveCfg = Release|Any CPU
		{B0F44AD9-B80C-45E4-816D-958F431D3605}.Release|Any CPU.Build.0 = Release|Any CPU
	EndGlobalSection
	GlobalSection(SolutionProperties) = preSolution
		HideSolutionNode = FALSE
	EndGlobalSection
EndGlobal
